
Microsoft Visual Studio Solution File, Format Version 12.00
# Visual Studio Version 16
VisualStudioVersion = 16.0.30717.126
MinimumVisualStudioVersion = 10.0.40219.1
Project("{2150E333-8FDC-42A3-9474-1A3956D46DE8}") = "Public", "Public", "{D54E378F-90F7-4A57-B8AF-E5FE10B9A3E9}"
EndProject
Project("{2150E333-8FDC-42A3-9474-1A3956D46DE8}") = "Base", "Base", "{88A12EBA-67C8-4EAE-B3AA-1792BFFCB856}"
EndProject
Project("{9A19103F-16F7-4668-BE54-9A1E7A4F7556}") = "DomainBase", "Public\Base\DomainBase\DomainBase.csproj", "{88000C27-A6AC-47ED-A36D-83099A8A14D7}"
EndProject
Project("{9A19103F-16F7-4668-BE54-9A1E7A4F7556}") = "InfrastructureBase", "Public\Base\InfrastructureBase\InfrastructureBase.csproj", "{C3693BBE-AD18-45EB-B786-8B1B69A800EF}"
EndProject
Project("{2150E333-8FDC-42A3-9474-1A3956D46DE8}") = "Remote", "Remote", "{6E87A606-4408-46F7-8011-E0C69470AFF5}"
EndProject
Project("{9A19103F-16F7-4668-BE54-9A1E7A4F7556}") = "IApplicationService", "Public\Remote\IApplicationService\IApplicationService.csproj", "{01ACE318-6D31-4533-A265-CE7DC2816943}"
EndProject
Project("{2150E333-8FDC-42A3-9474-1A3956D46DE8}") = "Services", "Services", "{380C44FE-5BEC-475D-BEFA-D53AEB97B145}"
EndProject
Project("{2150E333-8FDC-42A3-9474-1A3956D46DE8}") = "AccountService", "AccountService", "{EE821984-8F03-47FE-9754-D12548F6660A}"
EndProject
Project("{9A19103F-16F7-4668-BE54-9A1E7A4F7556}") = "ApplicationService", "Services\AccountService\ApplicationService\ApplicationService.csproj", "{A9D677DE-EA60-4029-8B10-3F68A888FAEF}"
EndProject
Project("{9A19103F-16F7-4668-BE54-9A1E7A4F7556}") = "Domain", "Services\AccountService\Domain\Domain.csproj", "{A85E6152-1BBD-48B1-82BB-F43B0FC49535}"
EndProject
Project("{9A19103F-16F7-4668-BE54-9A1E7A4F7556}") = "Host", "Services\AccountService\Host\Host.csproj", "{07F0217A-47EC-48D3-8C7B-53790F1A6902}"
EndProject
Project("{9A19103F-16F7-4668-BE54-9A1E7A4F7556}") = "Infrastructure", "Services\AccountService\Infrastructure\Infrastructure.csproj", "{CE2A3688-5384-4398-92F2-CC8A369CC703}"
EndProject
Project("{9A19103F-16F7-4668-BE54-9A1E7A4F7556}") = "JobService", "Services\JobService\JobService.csproj", "{916E0C2B-994F-4143-BCE7-74A7A2FD8B5D}"
EndProject
Project("{2150E333-8FDC-42A3-9474-1A3956D46DE8}") = "GoodsService", "GoodsService", "{D2EF5A8B-29D2-4B27-9CC0-E0E32633B3EC}"
EndProject
Project("{9A19103F-16F7-4668-BE54-9A1E7A4F7556}") = "ApplicationService", "Services\GoodsService\ApplicationService\ApplicationService.csproj", "{69EC65A5-CB3D-4179-B8DF-AC7B610F4D7F}"
EndProject
Project("{9A19103F-16F7-4668-BE54-9A1E7A4F7556}") = "Domain", "Services\GoodsService\Domain\Domain.csproj", "{BAC0C5BF-DE2C-4310-93A3-1E6E5A8B52EE}"
EndProject
Project("{9A19103F-16F7-4668-BE54-9A1E7A4F7556}") = "Host", "Services\GoodsService\Host\Host.csproj", "{D1F3417F-6E34-4DC1-A469-0412571FD2F6}"
EndProject
Project("{9A19103F-16F7-4668-BE54-9A1E7A4F7556}") = "Infrastructure", "Services\GoodsService\Infrastructure\Infrastructure.csproj", "{3660D9FA-E164-495C-BCF3-72AC36D49B93}"
EndProject
Project("{FAE04EC0-301F-11D3-BF4B-00C04F79EFBC}") = "ImageService", "Services\ImageService\ImageService.csproj", "{E6442E6F-43EB-4C0D-9EE4-279EF7AEE2A7}"
EndProject
Global
	GlobalSection(SolutionConfigurationPlatforms) = preSolution
		Debug|Any CPU = Debug|Any CPU
		Release|Any CPU = Release|Any CPU
	EndGlobalSection
	GlobalSection(ProjectConfigurationPlatforms) = postSolution
		{88000C27-A6AC-47ED-A36D-83099A8A14D7}.Debug|Any CPU.ActiveCfg = Debug|Any CPU
		{88000C27-A6AC-47ED-A36D-83099A8A14D7}.Debug|Any CPU.Build.0 = Debug|Any CPU
		{88000C27-A6AC-47ED-A36D-83099A8A14D7}.Release|Any CPU.ActiveCfg = Release|Any CPU
		{88000C27-A6AC-47ED-A36D-83099A8A14D7}.Release|Any CPU.Build.0 = Release|Any CPU
		{C3693BBE-AD18-45EB-B786-8B1B69A800EF}.Debug|Any CPU.ActiveCfg = Debug|Any CPU
		{C3693BBE-AD18-45EB-B786-8B1B69A800EF}.Debug|Any CPU.Build.0 = Debug|Any CPU
		{C3693BBE-AD18-45EB-B786-8B1B69A800EF}.Release|Any CPU.ActiveCfg = Release|Any CPU
		{C3693BBE-AD18-45EB-B786-8B1B69A800EF}.Release|Any CPU.Build.0 = Release|Any CPU
		{01ACE318-6D31-4533-A265-CE7DC2816943}.Debug|Any CPU.ActiveCfg = Debug|Any CPU
		{01ACE318-6D31-4533-A265-CE7DC2816943}.Debug|Any CPU.Build.0 = Debug|Any CPU
		{01ACE318-6D31-4533-A265-CE7DC2816943}.Release|Any CPU.ActiveCfg = Release|Any CPU
		{01ACE318-6D31-4533-A265-CE7DC2816943}.Release|Any CPU.Build.0 = Release|Any CPU
		{A9D677DE-EA60-4029-8B10-3F68A888FAEF}.Debug|Any CPU.ActiveCfg = Debug|Any CPU
		{A9D677DE-EA60-4029-8B10-3F68A888FAEF}.Debug|Any CPU.Build.0 = Debug|Any CPU
		{A9D677DE-EA60-4029-8B10-3F68A888FAEF}.Release|Any CPU.ActiveCfg = Release|Any CPU
		{A9D677DE-EA60-4029-8B10-3F68A888FAEF}.Release|Any CPU.Build.0 = Release|Any CPU
		{A85E6152-1BBD-48B1-82BB-F43B0FC49535}.Debug|Any CPU.ActiveCfg = Debug|Any CPU
		{A85E6152-1BBD-48B1-82BB-F43B0FC49535}.Debug|Any CPU.Build.0 = Debug|Any CPU
		{A85E6152-1BBD-48B1-82BB-F43B0FC49535}.Release|Any CPU.ActiveCfg = Release|Any CPU
		{A85E6152-1BBD-48B1-82BB-F43B0FC49535}.Release|Any CPU.Build.0 = Release|Any CPU
		{07F0217A-47EC-48D3-8C7B-53790F1A6902}.Debug|Any CPU.ActiveCfg = Debug|Any CPU
		{07F0217A-47EC-48D3-8C7B-53790F1A6902}.Debug|Any CPU.Build.0 = Debug|Any CPU
		{07F0217A-47EC-48D3-8C7B-53790F1A6902}.Release|Any CPU.ActiveCfg = Release|Any CPU
		{07F0217A-47EC-48D3-8C7B-53790F1A6902}.Release|Any CPU.Build.0 = Release|Any CPU
		{CE2A3688-5384-4398-92F2-CC8A369CC703}.Debug|Any CPU.ActiveCfg = Debug|Any CPU
		{CE2A3688-5384-4398-92F2-CC8A369CC703}.Debug|Any CPU.Build.0 = Debug|Any CPU
		{CE2A3688-5384-4398-92F2-CC8A369CC703}.Release|Any CPU.ActiveCfg = Release|Any CPU
		{CE2A3688-5384-4398-92F2-CC8A369CC703}.Release|Any CPU.Build.0 = Release|Any CPU
		{916E0C2B-994F-4143-BCE7-74A7A2FD8B5D}.Debug|Any CPU.ActiveCfg = Debug|Any CPU
		{916E0C2B-994F-4143-BCE7-74A7A2FD8B5D}.Debug|Any CPU.Build.0 = Debug|Any CPU
		{916E0C2B-994F-4143-BCE7-74A7A2FD8B5D}.Release|Any CPU.ActiveCfg = Release|Any CPU
		{916E0C2B-994F-4143-BCE7-74A7A2FD8B5D}.Release|Any CPU.Build.0 = Release|Any CPU
		{69EC65A5-CB3D-4179-B8DF-AC7B610F4D7F}.Debug|Any CPU.ActiveCfg = Debug|Any CPU
		{69EC65A5-CB3D-4179-B8DF-AC7B610F4D7F}.Debug|Any CPU.Build.0 = Debug|Any CPU
		{69EC65A5-CB3D-4179-B8DF-AC7B610F4D7F}.Release|Any CPU.ActiveCfg = Release|Any CPU
		{69EC65A5-CB3D-4179-B8DF-AC7B610F4D7F}.Release|Any CPU.Build.0 = Release|Any CPU
		{BAC0C5BF-DE2C-4310-93A3-1E6E5A8B52EE}.Debug|Any CPU.ActiveCfg = Debug|Any CPU
		{BAC0C5BF-DE2C-4310-93A3-1E6E5A8B52EE}.Debug|Any CPU.Build.0 = Debug|Any CPU
		{BAC0C5BF-DE2C-4310-93A3-1E6E5A8B52EE}.Release|Any CPU.ActiveCfg = Release|Any CPU
		{BAC0C5BF-DE2C-4310-93A3-1E6E5A8B52EE}.Release|Any CPU.Build.0 = Release|Any CPU
		{D1F3417F-6E34-4DC1-A469-0412571FD2F6}.Debug|Any CPU.ActiveCfg = Debug|Any CPU
		{D1F3417F-6E34-4DC1-A469-0412571FD2F6}.Debug|Any CPU.Build.0 = Debug|Any CPU
		{D1F3417F-6E34-4DC1-A469-0412571FD2F6}.Release|Any CPU.ActiveCfg = Release|Any CPU
		{D1F3417F-6E34-4DC1-A469-0412571FD2F6}.Release|Any CPU.Build.0 = Release|Any CPU
		{3660D9FA-E164-495C-BCF3-72AC36D49B93}.Debug|Any CPU.ActiveCfg = Debug|Any CPU
		{3660D9FA-E164-495C-BCF3-72AC36D49B93}.Debug|Any CPU.Build.0 = Debug|Any CPU
		{3660D9FA-E164-495C-BCF3-72AC36D49B93}.Release|Any CPU.ActiveCfg = Release|Any CPU
		{3660D9FA-E164-495C-BCF3-72AC36D49B93}.Release|Any CPU.Build.0 = Release|Any CPU
		{E6442E6F-43EB-4C0D-9EE4-279EF7AEE2A7}.Debug|Any CPU.ActiveCfg = Debug|Any CPU
		{E6442E6F-43EB-4C0D-9EE4-279EF7AEE2A7}.Debug|Any CPU.Build.0 = Debug|Any CPU
		{E6442E6F-43EB-4C0D-9EE4-279EF7AEE2A7}.Release|Any CPU.ActiveCfg = Release|Any CPU
		{E6442E6F-43EB-4C0D-9EE4-279EF7AEE2A7}.Release|Any CPU.Build.0 = Release|Any CPU
	EndGlobalSection
	GlobalSection(SolutionProperties) = preSolution
		HideSolutionNode = FALSE
	EndGlobalSection
	GlobalSection(NestedProjects) = preSolution
		{88A12EBA-67C8-4EAE-B3AA-1792BFFCB856} = {D54E378F-90F7-4A57-B8AF-E5FE10B9A3E9}
		{88000C27-A6AC-47ED-A36D-83099A8A14D7} = {88A12EBA-67C8-4EAE-B3AA-1792BFFCB856}
		{C3693BBE-AD18-45EB-B786-8B1B69A800EF} = {88A12EBA-67C8-4EAE-B3AA-1792BFFCB856}
		{6E87A606-4408-46F7-8011-E0C69470AFF5} = {D54E378F-90F7-4A57-B8AF-E5FE10B9A3E9}
		{01ACE318-6D31-4533-A265-CE7DC2816943} = {6E87A606-4408-46F7-8011-E0C69470AFF5}
		{EE821984-8F03-47FE-9754-D12548F6660A} = {380C44FE-5BEC-475D-BEFA-D53AEB97B145}
		{A9D677DE-EA60-4029-8B10-3F68A888FAEF} = {EE821984-8F03-47FE-9754-D12548F6660A}
		{A85E6152-1BBD-48B1-82BB-F43B0FC49535} = {EE821984-8F03-47FE-9754-D12548F6660A}
		{07F0217A-47EC-48D3-8C7B-53790F1A6902} = {EE821984-8F03-47FE-9754-D12548F6660A}
		{CE2A3688-5384-4398-92F2-CC8A369CC703} = {EE821984-8F03-47FE-9754-D12548F6660A}
		{916E0C2B-994F-4143-BCE7-74A7A2FD8B5D} = {380C44FE-5BEC-475D-BEFA-D53AEB97B145}
		{D2EF5A8B-29D2-4B27-9CC0-E0E32633B3EC} = {380C44FE-5BEC-475D-BEFA-D53AEB97B145}
		{69EC65A5-CB3D-4179-B8DF-AC7B610F4D7F} = {D2EF5A8B-29D2-4B27-9CC0-E0E32633B3EC}
		{BAC0C5BF-DE2C-4310-93A3-1E6E5A8B52EE} = {D2EF5A8B-29D2-4B27-9CC0-E0E32633B3EC}
		{D1F3417F-6E34-4DC1-A469-0412571FD2F6} = {D2EF5A8B-29D2-4B27-9CC0-E0E32633B3EC}
		{3660D9FA-E164-495C-BCF3-72AC36D49B93} = {D2EF5A8B-29D2-4B27-9CC0-E0E32633B3EC}
		{E6442E6F-43EB-4C0D-9EE4-279EF7AEE2A7} = {380C44FE-5BEC-475D-BEFA-D53AEB97B145}
	EndGlobalSection
	GlobalSection(ExtensibilityGlobals) = postSolution
		SolutionGuid = {D9778440-A1CB-4A6C-9B09-1AEA02F10A5C}
	EndGlobalSection
EndGlobal
